
Microsoft Visual Studio Solution File, Format Version 12.00
# Visual Studio 2012
Project("{FAE04EC0-301F-11D3-BF4B-00C04F79EFBC}") = "TestSystem_beta", "TestSystem_beta.csproj", "{030436B0-4EB1-4BB0-84DF-E9E4086CFC17}"
EndProject
Global
	GlobalSection(SolutionConfigurationPlatforms) = preSolution
		Debug|Any CPU = Debug|Any CPU
		Release|Any CPU = Release|Any CPU
	EndGlobalSection
	GlobalSection(ProjectConfigurationPlatforms) = postSolution
		{030436B0-4EB1-4BB0-84DF-E9E4086CFC17}.Debug|Any CPU.ActiveCfg = Debug|Any CPU
		{030436B0-4EB1-4BB0-84DF-E9E4086CFC17}.Debug|Any CPU.Build.0 = Debug|Any CPU
		{030436B0-4EB1-4BB0-84DF-E9E4086CFC17}.Release|Any CPU.ActiveCfg = Release|Any CPU
		{030436B0-4EB1-4BB0-84DF-E9E4086CFC17}.Release|Any CPU.Build.0 = Release|Any CPU
	EndGlobalSection
	GlobalSection(SolutionProperties) = preSolution
		HideSolutionNode = FALSE
	EndGlobalSection
EndGlobal
